
Microsoft Visual Studio Solution File, Format Version 12.00
# Visual Studio Version 16
VisualStudioVersion = 16.0.29020.237
MinimumVisualStudioVersion = 10.0.40219.1
Project("{FAE04EC0-301F-11D3-BF4B-00C04F79EFBC}") = "AutenticacaoPorCookie", "AutenticacaoPorCookie\AutenticacaoPorCookie.csproj", "{8A8E2C13-15A2-4F6B-A07A-9A0D360C50C6}"
EndProject
Global
	GlobalSection(SolutionConfigurationPlatforms) = preSolution
		Debug|Any CPU = Debug|Any CPU
		Release|Any CPU = Release|Any CPU
	EndGlobalSection
	GlobalSection(ProjectConfigurationPlatforms) = postSolution
		{8A8E2C13-15A2-4F6B-A07A-9A0D360C50C6}.Debug|Any CPU.ActiveCfg = Debug|Any CPU
		{8A8E2C13-15A2-4F6B-A07A-9A0D360C50C6}.Debug|Any CPU.Build.0 = Debug|Any CPU
		{8A8E2C13-15A2-4F6B-A07A-9A0D360C50C6}.Release|Any CPU.ActiveCfg = Release|Any CPU
		{8A8E2C13-15A2-4F6B-A07A-9A0D360C50C6}.Release|Any CPU.Build.0 = Release|Any CPU
	EndGlobalSection
	GlobalSection(SolutionProperties) = preSolution
		HideSolutionNode = FALSE
	EndGlobalSection
	GlobalSection(ExtensibilityGlobals) = postSolution
		SolutionGuid = {BFAA6A10-49FC-44D4-BEDD-8226288E8222}
	EndGlobalSection
EndGlobal
